
Microsoft Visual Studio Solution File, Format Version 12.00
# Visual Studio Version 16
VisualStudioVersion = 16.0.29911.84
MinimumVisualStudioVersion = 10.0.40219.1
Project("{FAE04EC0-301F-11D3-BF4B-00C04F79EFBC}") = "GUI", "GUI\GUI.csproj", "{EF24A62B-E274-4038-8FC2-8A6109E8200F}"
EndProject
Project("{FAE04EC0-301F-11D3-BF4B-00C04F79EFBC}") = "WebBrowserLogic", "WebBrowserLogic\WebBrowserLogic.csproj", "{E533E80F-88CF-4925-A614-6C3D8D8F4029}"
EndProject
Project("{2150E333-8FDC-42A3-9474-1A3956D46DE8}") = "Resources", "Resources", "{7EC9DB8D-D8C5-4900-B721-CC1616859B88}"
	ProjectSection(SolutionItems) = preProject
		CachedValues.txt = CachedValues.txt
	EndProjectSection
EndProject
Project("{2150E333-8FDC-42A3-9474-1A3956D46DE8}") = "View", "View", "{C7D2DB5B-6C0E-4F83-87F5-109517045F3B}"
EndProject
Project("{2150E333-8FDC-42A3-9474-1A3956D46DE8}") = "ViewModel", "ViewModel", "{D9C402A5-1549-4B1A-9A1E-3E6E55866CCA}"
EndProject
Global
	GlobalSection(SolutionConfigurationPlatforms) = preSolution
		Debug|Any CPU = Debug|Any CPU
		Release|Any CPU = Release|Any CPU
	EndGlobalSection
	GlobalSection(ProjectConfigurationPlatforms) = postSolution
		{EF24A62B-E274-4038-8FC2-8A6109E8200F}.Debug|Any CPU.ActiveCfg = Debug|Any CPU
		{EF24A62B-E274-4038-8FC2-8A6109E8200F}.Debug|Any CPU.Build.0 = Debug|Any CPU
		{EF24A62B-E274-4038-8FC2-8A6109E8200F}.Release|Any CPU.ActiveCfg = Release|Any CPU
		{EF24A62B-E274-4038-8FC2-8A6109E8200F}.Release|Any CPU.Build.0 = Release|Any CPU
		{E533E80F-88CF-4925-A614-6C3D8D8F4029}.Debug|Any CPU.ActiveCfg = Debug|Any CPU
		{E533E80F-88CF-4925-A614-6C3D8D8F4029}.Debug|Any CPU.Build.0 = Debug|Any CPU
		{E533E80F-88CF-4925-A614-6C3D8D8F4029}.Release|Any CPU.ActiveCfg = Release|Any CPU
		{E533E80F-88CF-4925-A614-6C3D8D8F4029}.Release|Any CPU.Build.0 = Release|Any CPU
	EndGlobalSection
	GlobalSection(SolutionProperties) = preSolution
		HideSolutionNode = FALSE
	EndGlobalSection
	GlobalSection(NestedProjects) = preSolution
		{EF24A62B-E274-4038-8FC2-8A6109E8200F} = {C7D2DB5B-6C0E-4F83-87F5-109517045F3B}
		{E533E80F-88CF-4925-A614-6C3D8D8F4029} = {D9C402A5-1549-4B1A-9A1E-3E6E55866CCA}
	EndGlobalSection
	GlobalSection(ExtensibilityGlobals) = postSolution
		SolutionGuid = {F708559A-D5C3-493A-898F-748B16BBF390}
	EndGlobalSection
EndGlobal
