
Microsoft Visual Studio Solution File, Format Version 12.00
# Visual Studio Version 16
VisualStudioVersion = 16.0.29911.84
MinimumVisualStudioVersion = 10.0.40219.1
Project("{FAE04EC0-301F-11D3-BF4B-00C04F79EFBC}") = "GUI", "GUI\GUI.csproj", "{EF24A62B-E274-4038-8FC2-8A6109E8200F}"
EndProject
Global
	GlobalSection(SolutionConfigurationPlatforms) = preSolution
		Debug|Any CPU = Debug|Any CPU
		Release|Any CPU = Release|Any CPU
	EndGlobalSection
	GlobalSection(ProjectConfigurationPlatforms) = postSolution
		{EF24A62B-E274-4038-8FC2-8A6109E8200F}.Debug|Any CPU.ActiveCfg = Debug|Any CPU
		{EF24A62B-E274-4038-8FC2-8A6109E8200F}.Debug|Any CPU.Build.0 = Debug|Any CPU
		{EF24A62B-E274-4038-8FC2-8A6109E8200F}.Release|Any CPU.ActiveCfg = Release|Any CPU
		{EF24A62B-E274-4038-8FC2-8A6109E8200F}.Release|Any CPU.Build.0 = Release|Any CPU
	EndGlobalSection
	GlobalSection(SolutionProperties) = preSolution
		HideSolutionNode = FALSE
	EndGlobalSection
	GlobalSection(ExtensibilityGlobals) = postSolution
		SolutionGuid = {F708559A-D5C3-493A-898F-748B16BBF390}
	EndGlobalSection
EndGlobal
